
Microsoft Visual Studio Solution File, Format Version 12.00
# Visual Studio Version 16
VisualStudioVersion = 16.0.30907.101
MinimumVisualStudioVersion = 10.0.40219.1
Project("{9A19103F-16F7-4668-BE54-9A1E7A4F7556}") = "StarWars.API", "StarWars.API\StarWars.API.csproj", "{22CFFA0F-EC63-4205-AAF5-478651A122CF}"
EndProject
Project("{9A19103F-16F7-4668-BE54-9A1E7A4F7556}") = "StarWars.Core", "StarWars.Core\StarWars.Core.csproj", "{EACC5B3A-FABD-415D-8FFB-665EBFE07A01}"
EndProject
Project("{9A19103F-16F7-4668-BE54-9A1E7A4F7556}") = "StarWars.ResourceLibrary", "StarWars.ResourceLibrary\StarWars.ResourceLibrary.csproj", "{FE716055-A57D-4B4B-83B1-5A9E97C5EB84}"
EndProject
Global
	GlobalSection(SolutionConfigurationPlatforms) = preSolution
		Debug|Any CPU = Debug|Any CPU
		Release|Any CPU = Release|Any CPU
	EndGlobalSection
	GlobalSection(ProjectConfigurationPlatforms) = postSolution
		{22CFFA0F-EC63-4205-AAF5-478651A122CF}.Debug|Any CPU.ActiveCfg = Debug|Any CPU
		{22CFFA0F-EC63-4205-AAF5-478651A122CF}.Debug|Any CPU.Build.0 = Debug|Any CPU
		{22CFFA0F-EC63-4205-AAF5-478651A122CF}.Release|Any CPU.ActiveCfg = Release|Any CPU
		{22CFFA0F-EC63-4205-AAF5-478651A122CF}.Release|Any CPU.Build.0 = Release|Any CPU
		{EACC5B3A-FABD-415D-8FFB-665EBFE07A01}.Debug|Any CPU.ActiveCfg = Debug|Any CPU
		{EACC5B3A-FABD-415D-8FFB-665EBFE07A01}.Debug|Any CPU.Build.0 = Debug|Any CPU
		{EACC5B3A-FABD-415D-8FFB-665EBFE07A01}.Release|Any CPU.ActiveCfg = Release|Any CPU
		{EACC5B3A-FABD-415D-8FFB-665EBFE07A01}.Release|Any CPU.Build.0 = Release|Any CPU
		{FE716055-A57D-4B4B-83B1-5A9E97C5EB84}.Debug|Any CPU.ActiveCfg = Debug|Any CPU
		{FE716055-A57D-4B4B-83B1-5A9E97C5EB84}.Debug|Any CPU.Build.0 = Debug|Any CPU
		{FE716055-A57D-4B4B-83B1-5A9E97C5EB84}.Release|Any CPU.ActiveCfg = Release|Any CPU
		{FE716055-A57D-4B4B-83B1-5A9E97C5EB84}.Release|Any CPU.Build.0 = Release|Any CPU
	EndGlobalSection
	GlobalSection(SolutionProperties) = preSolution
		HideSolutionNode = FALSE
	EndGlobalSection
	GlobalSection(ExtensibilityGlobals) = postSolution
		SolutionGuid = {7F7DD491-17DB-43FC-A306-C38565557FFA}
	EndGlobalSection
EndGlobal
